
Microsoft Visual Studio Solution File, Format Version 12.00
# Visual Studio 15
VisualStudioVersion = 15.0.28010.2046
MinimumVisualStudioVersion = 10.0.40219.1
Project("{FAE04EC0-301F-11D3-BF4B-00C04F79EFBC}") = "Race.LOGIC", "Race.LOGIC\Race.LOGIC.csproj", "{2AA79362-5D58-4A36-99D4-8001DB3CAB70}"
EndProject
Project("{FAE04EC0-301F-11D3-BF4B-00C04F79EFBC}") = "Race.DAL.Interface", "Race.DAL.Interface\Race.DAL.Interface.csproj", "{962EA0D6-5A54-4B20-BA7F-C3EA8FFE57FA}"
EndProject
Project("{FAE04EC0-301F-11D3-BF4B-00C04F79EFBC}") = "Race.Factory", "Race.Factory\Race.Factory.csproj", "{4F960B6A-5E1C-4712-BE04-FFB887A85706}"
EndProject
Project("{FAE04EC0-301F-11D3-BF4B-00C04F79EFBC}") = "Race.DAL", "Race.DAL\Race.DAL.csproj", "{1BE1D0C1-CA62-4007-B9A7-59B20CBFB80B}"
EndProject
Project("{FAE04EC0-301F-11D3-BF4B-00C04F79EFBC}") = "Race.LOGICTests", "Race.LOGICTests\Race.LOGICTests.csproj", "{E267431B-429C-468D-B124-365FDE3697FC}"
EndProject
Global
	GlobalSection(SolutionConfigurationPlatforms) = preSolution
		Debug|Any CPU = Debug|Any CPU
		Release|Any CPU = Release|Any CPU
	EndGlobalSection
	GlobalSection(ProjectConfigurationPlatforms) = postSolution
		{2AA79362-5D58-4A36-99D4-8001DB3CAB70}.Debug|Any CPU.ActiveCfg = Debug|Any CPU
		{2AA79362-5D58-4A36-99D4-8001DB3CAB70}.Debug|Any CPU.Build.0 = Debug|Any CPU
		{2AA79362-5D58-4A36-99D4-8001DB3CAB70}.Release|Any CPU.ActiveCfg = Release|Any CPU
		{2AA79362-5D58-4A36-99D4-8001DB3CAB70}.Release|Any CPU.Build.0 = Release|Any CPU
		{962EA0D6-5A54-4B20-BA7F-C3EA8FFE57FA}.Debug|Any CPU.ActiveCfg = Debug|Any CPU
		{962EA0D6-5A54-4B20-BA7F-C3EA8FFE57FA}.Debug|Any CPU.Build.0 = Debug|Any CPU
		{962EA0D6-5A54-4B20-BA7F-C3EA8FFE57FA}.Release|Any CPU.ActiveCfg = Release|Any CPU
		{962EA0D6-5A54-4B20-BA7F-C3EA8FFE57FA}.Release|Any CPU.Build.0 = Release|Any CPU
		{4F960B6A-5E1C-4712-BE04-FFB887A85706}.Debug|Any CPU.ActiveCfg = Debug|Any CPU
		{4F960B6A-5E1C-4712-BE04-FFB887A85706}.Debug|Any CPU.Build.0 = Debug|Any CPU
		{4F960B6A-5E1C-4712-BE04-FFB887A85706}.Release|Any CPU.ActiveCfg = Release|Any CPU
		{4F960B6A-5E1C-4712-BE04-FFB887A85706}.Release|Any CPU.Build.0 = Release|Any CPU
		{1BE1D0C1-CA62-4007-B9A7-59B20CBFB80B}.Debug|Any CPU.ActiveCfg = Debug|Any CPU
		{1BE1D0C1-CA62-4007-B9A7-59B20CBFB80B}.Debug|Any CPU.Build.0 = Debug|Any CPU
		{1BE1D0C1-CA62-4007-B9A7-59B20CBFB80B}.Release|Any CPU.ActiveCfg = Release|Any CPU
		{1BE1D0C1-CA62-4007-B9A7-59B20CBFB80B}.Release|Any CPU.Build.0 = Release|Any CPU
		{E267431B-429C-468D-B124-365FDE3697FC}.Debug|Any CPU.ActiveCfg = Debug|Any CPU
		{E267431B-429C-468D-B124-365FDE3697FC}.Debug|Any CPU.Build.0 = Debug|Any CPU
		{E267431B-429C-468D-B124-365FDE3697FC}.Release|Any CPU.ActiveCfg = Release|Any CPU
		{E267431B-429C-468D-B124-365FDE3697FC}.Release|Any CPU.Build.0 = Release|Any CPU
	EndGlobalSection
	GlobalSection(SolutionProperties) = preSolution
		HideSolutionNode = FALSE
	EndGlobalSection
	GlobalSection(ExtensibilityGlobals) = postSolution
		SolutionGuid = {F5972226-37EC-4A0C-9840-C695BF3A0EBC}
	EndGlobalSection
EndGlobal
